<?xml version="1.0" encoding="utf-8"?>
<Project ToolsVersion="4.0" xmlns="http://schemas.microsoft.com/developer/msbuild/2003">
  <ItemGroup>
    <Filter Include="src">
      <UniqueIdentifier>{643dd249-2aac-4ebb-8523-56619a3aa418}</UniqueIdentifier>
    </Filter>
    <Filter Include="src\crow">
      <UniqueIdentifier>{bd7a73b7-7933-4a28-9702-dfa142957b82}</UniqueIdentifier>
    </Filter>
  </ItemGroup>
  <ItemGroup>
    <ClCompile Include="src\main.cpp">
      <Filter>src</Filter>
    </ClCompile>
  </ItemGroup>
  <ItemGroup>
    <ClInclude Include="src\AccessPoint.hpp">
      <Filter>src</Filter>
    </ClInclude>
    <ClInclude Include="src\config.hpp">
      <Filter>src</Filter>
    </ClInclude>
    <ClInclude Include="lib\crow\crow.h">
      <Filter>src\crow</Filter>
    </ClInclude>
    <ClInclude Include="lib\crow\crow\app.h">
      <Filter>src\crow</Filter>
    </ClInclude>
    <ClInclude Include="lib\crow\crow\ci_map.h">
      <Filter>src\crow</Filter>
    </ClInclude>
    <ClInclude Include="lib\crow\crow\common.h">
      <Filter>src\crow</Filter>
    </ClInclude>
    <ClInclude Include="lib\crow\crow\compression.h">
      <Filter>src\crow</Filter>
    </ClInclude>
    <ClInclude Include="lib\crow\crow\exceptions.h">
      <Filter>src\crow</Filter>
    </ClInclude>
    <ClInclude Include="lib\crow\crow\http_connection.h">
      <Filter>src\crow</Filter>
    </ClInclude>
    <ClInclude Include="lib\crow\crow\http_parser_merged.h">
      <Filter>src\crow</Filter>
    </ClInclude>
    <ClInclude Include="lib\crow\crow\http_request.h">
      <Filter>src\crow</Filter>
    </ClInclude>
    <ClInclude Include="lib\crow\crow\http_response.h">
      <Filter>src\crow</Filter>
    </ClInclude>
    <ClInclude Include="lib\crow\crow\http_server.h">
      <Filter>src\crow</Filter>
    </ClInclude>
    <ClInclude Include="lib\crow\crow\json.h">
      <Filter>src\crow</Filter>
    </ClInclude>
    <ClInclude Include="lib\crow\crow\logging.h">
      <Filter>src\crow</Filter>
    </ClInclude>
    <ClInclude Include="lib\crow\crow\middleware.h">
      <Filter>src\crow</Filter>
    </ClInclude>
    <ClInclude Include="lib\crow\crow\middleware_context.h">
      <Filter>src\crow</Filter>
    </ClInclude>
    <ClInclude Include="lib\crow\crow\mime_types.h">
      <Filter>src\crow</Filter>
    </ClInclude>
    <ClInclude Include="lib\crow\crow\multipart.h">
      <Filter>src\crow</Filter>
    </ClInclude>
    <ClInclude Include="lib\crow\crow\multipart_view.h">
      <Filter>src\crow</Filter>
    </ClInclude>
    <ClInclude Include="lib\crow\crow\mustache.h">
      <Filter>src\crow</Filter>
    </ClInclude>
    <ClInclude Include="lib\crow\crow\parser.h">
      <Filter>src\crow</Filter>
    </ClInclude>
    <ClInclude Include="lib\crow\crow\query_string.h">
      <Filter>src\crow</Filter>
    </ClInclude>
    <ClInclude Include="lib\crow\crow\returnable.h">
      <Filter>src\crow</Filter>
    </ClInclude>
    <ClInclude Include="lib\crow\crow\routing.h">
      <Filter>src\crow</Filter>
    </ClInclude>
    <ClInclude Include="lib\crow\crow\settings.h">
      <Filter>src\crow</Filter>
    </ClInclude>
    <ClInclude Include="lib\crow\crow\socket_acceptors.h">
      <Filter>src\crow</Filter>
    </ClInclude>
    <ClInclude Include="lib\crow\crow\socket_adaptors.h">
      <Filter>src\crow</Filter>
    </ClInclude>
    <ClInclude Include="lib\crow\crow\task_timer.h">
      <Filter>src\crow</Filter>
    </ClInclude>
    <ClInclude Include="lib\crow\crow\TinySHA1.hpp">
      <Filter>src\crow</Filter>
    </ClInclude>
    <ClInclude Include="lib\crow\crow\utility.h">
      <Filter>src\crow</Filter>
    </ClInclude>
    <ClInclude Include="lib\crow\crow\version.h">
      <Filter>src\crow</Filter>
    </ClInclude>
    <ClInclude Include="lib\crow\crow\websocket.h">
      <Filter>src\crow</Filter>
    </ClInclude>
    <ClInclude Include="lib\crow\crow\middlewares\cookie_parser.h">
      <Filter>src\crow</Filter>
    </ClInclude>
    <ClInclude Include="lib\crow\crow\middlewares\cors.h">
      <Filter>src\crow</Filter>
    </ClInclude>
    <ClInclude Include="lib\crow\crow\middlewares\session.h">
      <Filter>src\crow</Filter>
    </ClInclude>
    <ClInclude Include="lib\crow\crow\middlewares\utf-8.h">
      <Filter>src\crow</Filter>
    </ClInclude>
  </ItemGroup>
</Project>